// !$*UTF8*$!
{
	archiveVersion = 1;
	classes = {
	};
	objectVersion = 46;
	objects = {

/* Begin PBXBuildFile section */
		F0995A641F42D1AD00B29993 /* main.m in Sources */ = {isa = PBXBuildFile; fileRef = F0995A631F42D1AD00B29993 /* main.m */; };
		F0995A671F42D1AD00B29993 /* AppDelegate.m in Sources */ = {isa = PBXBuildFile; fileRef = F0995A661F42D1AD00B29993 /* AppDelegate.m */; };
		F0995A6A1F42D1AD00B29993 /* ViewController.m in Sources */ = {isa = PBXBuildFile; fileRef = F0995A691F42D1AD00B29993 /* ViewController.m */; };
		F0995A6D1F42D1AD00B29993 /* Main.storyboard in Resources */ = {isa = PBXBuildFile; fileRef = F0995A6B1F42D1AD00B29993 /* Main.storyboard */; };
		F0995A6F1F42D1AD00B29993 /* Assets.xcassets in Resources */ = {isa = PBXBuildFile; fileRef = F0995A6E1F42D1AD00B29993 /* Assets.xcassets */; };
		F0995A721F42D1AD00B29993 /* LaunchScreen.storyboard in Resources */ = {isa = PBXBuildFile; fileRef = F0995A701F42D1AD00B29993 /* LaunchScreen.storyboard */; };
		F0995A7D1F42D1AD00B29993 /* UIView____Tests.m in Sources */ = {isa = PBXBuildFile; fileRef = F0995A7C1F42D1AD00B29993 /* UIView____Tests.m */; };
		F0995A881F42D1AD00B29993 /* UIView____UITests.m in Sources */ = {isa = PBXBuildFile; fileRef = F0995A871F42D1AD00B29993 /* UIView____UITests.m */; };
/* End PBXBuildFile section */

/* Begin PBXContainerItemProxy section */
		F0995A791F42D1AD00B29993 /* PBXContainerItemProxy */ = {
			isa = PBXContainerItemProxy;
			containerPortal = F0995A571F42D1AD00B29993 /* Project object */;
			proxyType = 1;
			remoteGlobalIDString = F0995A5E1F42D1AD00B29993;
			remoteInfo = "UIView层级关系";
		};
		F0995A841F42D1AD00B29993 /* PBXContainerItemProxy */ = {
			isa = PBXContainerItemProxy;
			containerPortal = F0995A571F42D1AD00B29993 /* Project object */;
			proxyType = 1;
			remoteGlobalIDString = F0995A5E1F42D1AD00B29993;
			remoteInfo = "UIView层级关系";
		};
/* End PBXContainerItemProxy section */

/* Begin PBXFileReference section */
		F0995A5F1F42D1AD00B29993 /* UIView层级关系.app */ = {isa = PBXFileReference; explicitFileType = wrapper.application; includeInIndex = 0; path = "UIView层级关系.app"; sourceTree = BUILT_PRODUCTS_DIR; };
		F0995A631F42D1AD00B29993 /* main.m */ = {isa = PBXFileReference; lastKnownFileType = sourcecode.c.objc; path = main.m; sourceTree = "<group>"; };
		F0995A651F42D1AD00B29993 /* AppDelegate.h */ = {isa = PBXFileReference; lastKnownFileType = sourcecode.c.h; path = AppDelegate.h; sourceTree = "<group>"; };
		F0995A661F42D1AD00B29993 /* AppDelegate.m */ = {isa = PBXFileReference; lastKnownFileType = sourcecode.c.objc; path = AppDelegate.m; sourceTree = "<group>"; };
		F0995A681F42D1AD00B29993 /* ViewController.h */ = {isa = PBXFileReference; lastKnownFileType = sourcecode.c.h; path = ViewController.h; sourceTree = "<group>"; };
		F0995A691F42D1AD00B29993 /* ViewController.m */ = {isa = PBXFileReference; lastKnownFileType = sourcecode.c.objc; path = ViewController.m; sourceTree = "<group>"; };
		F0995A6C1F42D1AD00B29993 /* Base */ = {isa = PBXFileReference; lastKnownFileType = file.storyboard; name = Base; path = Base.lproj/Main.storyboard; sourceTree = "<group>"; };
		F0995A6E1F42D1AD00B29993 /* Assets.xcassets */ = {isa = PBXFileReference; lastKnownFileType = folder.assetcatalog; path = Assets.xcassets; sourceTree = "<group>"; };
		F0995A711F42D1AD00B29993 /* Base */ = {isa = PBXFileReference; lastKnownFileType = file.storyboard; name = Base; path = Base.lproj/LaunchScreen.storyboard; sourceTree = "<group>"; };
		F0995A731F42D1AD00B29993 /* Info.plist */ = {isa = PBXFileReference; lastKnownFileType = text.plist.xml; path = Info.plist; sourceTree = "<group>"; };
		F0995A781F42D1AD00B29993 /* UIView层级关系Tests.xctest */ = {isa = PBXFileReference; explicitFileType = wrapper.cfbundle; includeInIndex = 0; path = "UIView层级关系Tests.xctest"; sourceTree = BUILT_PRODUCTS_DIR; };
		F0995A7C1F42D1AD00B29993 /* UIView____Tests.m */ = {isa = PBXFileReference; lastKnownFileType = sourcecode.c.objc; path = "UIView____Tests.m"; sourceTree = "<group>"; };
		F0995A7E1F42D1AD00B29993 /* Info.plist */ = {isa = PBXFileReference; lastKnownFileType = text.plist.xml; path = Info.plist; sourceTree = "<group>"; };
		F0995A831F42D1AD00B29993 /* UIView层级关系UITests.xctest */ = {isa = PBXFileReference; explicitFileType = wrapper.cfbundle; includeInIndex = 0; path = "UIView层级关系UITests.xctest"; sourceTree = BUILT_PRODUCTS_DIR; };
		F0995A871F42D1AD00B29993 /* UIView____UITests.m */ = {isa = PBXFileReference; lastKnownFileType = sourcecode.c.objc; path = "UIView____UITests.m"; sourceTree = "<group>"; };
		F0995A891F42D1AD00B29993 /* Info.plist */ = {isa = PBXFileReference; lastKnownFileType = text.plist.xml; path = Info.plist; sourceTree = "<group>"; };
/* End PBXFileReference section */

/* Begin PBXFrameworksBuildPhase section */
		F0995A5C1F42D1AD00B29993 /* Frameworks */ = {
			isa = PBXFrameworksBuildPhase;
			buildActionMask = 2147483647;
			files = (
			);
			runOnlyForDeploymentPostprocessing = 0;
		};
		F0995A751F42D1AD00B29993 /* Frameworks */ = {
			isa = PBXFrameworksBuildPhase;
			buildActionMask = 2147483647;
			files = (
			);
			runOnlyForDeploymentPostprocessing = 0;
		};
		F0995A801F42D1AD00B29993 /* Frameworks */ = {
			isa = PBXFrameworksBuildPhase;
			buildActionMask = 2147483647;
			files = (
			);
			runOnlyForDeploymentPostprocessing = 0;
		};
/* End PBXFrameworksBuildPhase section */

/* Begin PBXGroup section */
		F0995A561F42D1AD00B29993 = {
			isa = PBXGroup;
			children = (
				F0995A611F42D1AD00B29993 /* UIView层级关系 */,
				F0995A7B1F42D1AD00B29993 /* UIView层级关系Tests */,
				F0995A861F42D1AD00B29993 /* UIView层级关系UITests */,
				F0995A601F42D1AD00B29993 /* Products */,
			);
			sourceTree = "<group>";
		};
		F0995A601F42D1AD00B29993 /* Products */ = {
			isa = PBXGroup;
			children = (
				F0995A5F1F42D1AD00B29993 /* UIView层级关系.app */,
				F0995A781F42D1AD00B29993 /* UIView层级关系Tests.xctest */,
				F0995A831F42D1AD00B29993 /* UIView层级关系UITests.xctest */,
			);
			name = Products;
			sourceTree = "<group>";
		};
		F0995A611F42D1AD00B29993 /* UIView层级关系 */ = {
			isa = PBXGroup;
			children = (
				F0995A651F42D1AD00B29993 /* AppDelegate.h */,
				F0995A661F42D1AD00B29993 /* AppDelegate.m */,
				F0995A681F42D1AD00B29993 /* ViewController.h */,
				F0995A691F42D1AD00B29993 /* ViewController.m */,
				F0995A6B1F42D1AD00B29993 /* Main.storyboard */,
				F0995A6E1F42D1AD00B29993 /* Assets.xcassets */,
				F0995A701F42D1AD00B29993 /* LaunchScreen.storyboard */,
				F0995A731F42D1AD00B29993 /* Info.plist */,
				F0995A621F42D1AD00B29993 /* Supporting Files */,
			);
			path = "UIView层级关系";
			sourceTree = "<group>";
		};
		F0995A621F42D1AD00B29993 /* Supporting Files */ = {
			isa = PBXGroup;
			children = (
				F0995A631F42D1AD00B29993 /* main.m */,
			);
			name = "Supporting Files";
			sourceTree = "<group>";
		};
		F0995A7B1F42D1AD00B29993 /* UIView层级关系Tests */ = {
			isa = PBXGroup;
			children = (
				F0995A7C1F42D1AD00B29993 /* UIView____Tests.m */,
				F0995A7E1F42D1AD00B29993 /* Info.plist */,
			);
			path = "UIView层级关系Tests";
			sourceTree = "<group>";
		};
		F0995A861F42D1AD00B29993 /* UIView层级关系UITests */ = {
			isa = PBXGroup;
			children = (
				F0995A871F42D1AD00B29993 /* UIView____UITests.m */,
				F0995A891F42D1AD00B29993 /* Info.plist */,
			);
			path = "UIView层级关系UITests";
			sourceTree = "<group>";
		};
/* End PBXGroup section */

/* Begin PBXNativeTarget section */
		F0995A5E1F42D1AD00B29993 /* UIView层级关系 */ = {
			isa = PBXNativeTarget;
			buildConfigurationList = F0995A8C1F42D1AD00B29993 /* Build configuration list for PBXNativeTarget "UIView层级关系" */;
			buildPhases = (
				F0995A5B1F42D1AD00B29993 /* Sources */,
				F0995A5C1F42D1AD00B29993 /* Frameworks */,
				F0995A5D1F42D1AD00B29993 /* Resources */,
			);
			buildRules = (
			);
			dependencies = (
			);
			name = "UIView层级关系";
			productName = "UIView层级关系";
			productReference = F0995A5F1F42D1AD00B29993 /* UIView层级关系.app */;
			productType = "com.apple.product-type.application";
		};
		F0995A771F42D1AD00B29993 /* UIView层级关系Tests */ = {
			isa = PBXNativeTarget;
			buildConfigurationList = F0995A8F1F42D1AD00B29993 /* Build configuration list for PBXNativeTarget "UIView层级关系Tests" */;
			buildPhases = (
				F0995A741F42D1AD00B29993 /* Sources */,
				F0995A751F42D1AD00B29993 /* Frameworks */,
				F0995A761F42D1AD00B29993 /* Resources */,
			);
			buildRules = (
			);
			dependencies = (
				F0995A7A1F42D1AD00B29993 /* PBXTargetDependency */,
			);
			name = "UIView层级关系Tests";
			productName = "UIView层级关系Tests";
			productReference = F0995A781F42D1AD00B29993 /* UIView层级关系Tests.xctest */;
			productType = "com.apple.product-type.bundle.unit-test";
		};
		F0995A821F42D1AD00B29993 /* UIView层级关系UITests */ = {
			isa = PBXNativeTarget;
			buildConfigurationList = F0995A921F42D1AD00B29993 /* Build configuration list for PBXNativeTarget "UIView层级关系UITests" */;
			buildPhases = (
				F0995A7F1F42D1AD00B29993 /* Sources */,
				F0995A801F42D1AD00B29993 /* Frameworks */,
				F0995A811F42D1AD00B29993 /* Resources */,
			);
			buildRules = (
			);
			dependencies = (
				F0995A851F42D1AD00B29993 /* PBXTargetDependency */,
			);
			name = "UIView层级关系UITests";
			productName = "UIView层级关系UITests";
			productReference = F0995A831F42D1AD00B29993 /* UIView层级关系UITests.xctest */;
			productType = "com.apple.product-type.bundle.ui-testing";
		};
/* End PBXNativeTarget section */

/* Begin PBXProject section */
		F0995A571F42D1AD00B29993 /* Project object */ = {
			isa = PBXProject;
			attributes = {
				LastUpgradeCheck = 0830;
				ORGANIZATIONNAME = "zh dk";
				TargetAttributes = {
					F0995A5E1F42D1AD00B29993 = {
						CreatedOnToolsVersion = 8.3.3;
						ProvisioningStyle = Automatic;
					};
					F0995A771F42D1AD00B29993 = {
						CreatedOnToolsVersion = 8.3.3;
						ProvisioningStyle = Automatic;
						TestTargetID = F0995A5E1F42D1AD00B29993;
					};
					F0995A821F42D1AD00B29993 = {
						CreatedOnToolsVersion = 8.3.3;
						ProvisioningStyle = Automatic;
						TestTargetID = F0995A5E1F42D1AD00B29993;
					};
				};
			};
			buildConfigurationList = F0995A5A1F42D1AD00B29993 /* Build configuration list for PBXProject "UIView层级关系" */;
			compatibilityVersion = "Xcode 3.2";
			developmentRegion = English;
			hasScannedForEncodings = 0;
			knownRegions = (
				en,
				Base,
			);
			mainGroup = F0995A561F42D1AD00B29993;
			productRefGroup = F0995A601F42D1AD00B29993 /* Products */;
			projectDirPath = "";
			projectRoot = "";
			targets = (
				F0995A5E1F42D1AD00B29993 /* UIView层级关系 */,
				F0995A771F42D1AD00B29993 /* UIView层级关系Tests */,
				F0995A821F42D1AD00B29993 /* UIView层级关系UITests */,
			);
		};
/* End PBXProject section */

/* Begin PBXResourcesBuildPhase section */
		F0995A5D1F42D1AD00B29993 /* Resources */ = {
			isa = PBXResourcesBuildPhase;
			buildActionMask = 2147483647;
			files = (
				F0995A721F42D1AD00B29993 /* LaunchScreen.storyboard in Resources */,
				F0995A6F1F42D1AD00B29993 /* Assets.xcassets in Resources */,
				F0995A6D1F42D1AD00B29993 /* Main.storyboard in Resources */,
			);
			runOnlyForDeploymentPostprocessing = 0;
		};
		F0995A761F42D1AD00B29993 /* Resources */ = {
			isa = PBXResourcesBuildPhase;
			buildActionMask = 2147483647;
			files = (
			);
			runOnlyForDeploymentPostprocessing = 0;
		};
		F0995A811F42D1AD00B29993 /* Resources */ = {
			isa = PBXResourcesBuildPhase;
			buildActionMask = 2147483647;
			files = (
			);
			runOnlyForDeploymentPostprocessing = 0;
		};
/* End PBXResourcesBuildPhase section */

/* Begin PBXSourcesBuildPhase section */
		F0995A5B1F42D1AD00B29993 /* Sources */ = {
			isa = PBXSourcesBuildPhase;
			buildActionMask = 2147483647;
			files = (
				F0995A6A1F42D1AD00B29993 /* ViewController.m in Sources */,
				F0995A671F42D1AD00B29993 /* AppDelegate.m in Sources */,
				F0995A641F42D1AD00B29993 /* main.m in Sources */,
			);
			runOnlyForDeploymentPostprocessing = 0;
		};
		F0995A741F42D1AD00B29993 /* Sources */ = {
			isa = PBXSourcesBuildPhase;
			buildActionMask = 2147483647;
			files = (
				F0995A7D1F42D1AD00B29993 /* UIView____Tests.m in Sources */,
			);
			runOnlyForDeploymentPostprocessing = 0;
		};
		F0995A7F1F42D1AD00B29993 /* Sources */ = {
			isa = PBXSourcesBuildPhase;
			buildActionMask = 2147483647;
			files = (
				F0995A881F42D1AD00B29993 /* UIView____UITests.m in Sources */,
			);
			runOnlyForDeploymentPostprocessing = 0;
		};
/* End PBXSourcesBuildPhase section */

/* Begin PBXTargetDependency section */
		F0995A7A1F42D1AD00B29993 /* PBXTargetDependency */ = {
			isa = PBXTargetDependency;
			target = F0995A5E1F42D1AD00B29993 /* UIView层级关系 */;
			targetProxy = F0995A791F42D1AD00B29993 /* PBXContainerItemProxy */;
		};
		F0995A851F42D1AD00B29993 /* PBXTargetDependency */ = {
			isa = PBXTargetDependency;
			target = F0995A5E1F42D1AD00B29993 /* UIView层级关系 */;
			targetProxy = F0995A841F42D1AD00B29993 /* PBXContainerItemProxy */;
		};
/* End PBXTargetDependency section */

/* Begin PBXVariantGroup section */
		F0995A6B1F42D1AD00B29993 /* Main.storyboard */ = {
			isa = PBXVariantGroup;
			children = (
				F0995A6C1F42D1AD00B29993 /* Base */,
			);
			name = Main.storyboard;
			sourceTree = "<group>";
		};
		F0995A701F42D1AD00B29993 /* LaunchScreen.storyboard */ = {
			isa = PBXVariantGroup;
			children = (
				F0995A711F42D1AD00B29993 /* Base */,
			);
			name = LaunchScreen.storyboard;
			sourceTree = "<group>";
		};
/* End PBXVariantGroup section */

/* Begin XCBuildConfiguration section */
		F0995A8A1F42D1AD00B29993 /* Debug */ = {
			isa = XCBuildConfiguration;
			buildSettings = {
				ALWAYS_SEARCH_USER_PATHS = NO;
				CLANG_ANALYZER_NONNULL = YES;
				CLANG_ANALYZER_NUMBER_OBJECT_CONVERSION = YES_AGGRESSIVE;
				CLANG_CXX_LANGUAGE_STANDARD = "gnu++0x";
				CLANG_CXX_LIBRARY = "libc++";
				CLANG_ENABLE_MODULES = YES;
				CLANG_ENABLE_OBJC_ARC = YES;
				CLANG_WARN_BOOL_CONVERSION = YES;
				CLANG_WARN_CONSTANT_CONVERSION = YES;
				CLANG_WARN_DIRECT_OBJC_ISA_USAGE = YES_ERROR;
				CLANG_WARN_DOCUMENTATION_COMMENTS = YES;
				CLANG_WARN_EMPTY_BODY = YES;
				CLANG_WARN_ENUM_CONVERSION = YES;
				CLANG_WARN_INFINITE_RECURSION = YES;
				CLANG_WARN_INT_CONVERSION = YES;
				CLANG_WARN_OBJC_ROOT_CLASS = YES_ERROR;
				CLANG_WARN_SUSPICIOUS_MOVE = YES;
				CLANG_WARN_UNREACHABLE_CODE = YES;
				CLANG_WARN__DUPLICATE_METHOD_MATCH = YES;
				"CODE_SIGN_IDENTITY[sdk=iphoneos*]" = "iPhone Developer";
				COPY_PHASE_STRIP = NO;
				DEBUG_INFORMATION_FORMAT = dwarf;
				ENABLE_STRICT_OBJC_MSGSEND = YES;
				ENABLE_TESTABILITY = YES;
				GCC_C_LANGUAGE_STANDARD = gnu99;
				GCC_DYNAMIC_NO_PIC = NO;
				GCC_NO_COMMON_BLOCKS = YES;
				GCC_OPTIMIZATION_LEVEL = 0;
				GCC_PREPROCESSOR_DEFINITIONS = (
					"DEBUG=1",
					"$(inherited)",
				);
				GCC_WARN_64_TO_32_BIT_CONVERSION = YES;
				GCC_WARN_ABOUT_RETURN_TYPE = YES_ERROR;
				GCC_WARN_UNDECLARED_SELECTOR = YES;
				GCC_WARN_UNINITIALIZED_AUTOS = YES_AGGRESSIVE;
				GCC_WARN_UNUSED_FUNCTION = YES;
				GCC_WARN_UNUSED_VARIABLE = YES;
				IPHONEOS_DEPLOYMENT_TARGET = 10.3;
				MTL_ENABLE_DEBUG_INFO = YES;
				ONLY_ACTIVE_ARCH = YES;
				SDKROOT = iphoneos;
			};
			name = Debug;
		};
		F0995A8B1F42D1AD00B29993 /* Release */ = {
			isa = XCBuildConfiguration;
			buildSettings = {
				ALWAYS_SEARCH_USER_PATHS = NO;
				CLANG_ANALYZER_NONNULL = YES;
				CLANG_ANALYZER_NUMBER_OBJECT_CONVERSION = YES_AGGRESSIVE;
				CLANG_CXX_LANGUAGE_STANDARD = "gnu++0x";
				CLANG_CXX_LIBRARY = "libc++";
				CLANG_ENABLE_MODULES = YES;
				CLANG_ENABLE_OBJC_ARC = YES;
				CLANG_WARN_BOOL_CONVERSION = YES;
				CLANG_WARN_CONSTANT_CONVERSION = YES;
				CLANG_WARN_DIRECT_OBJC_ISA_USAGE = YES_ERROR;
				CLANG_WARN_DOCUMENTATION_COMMENTS = YES;
				CLANG_WARN_EMPTY_BODY = YES;
				CLANG_WARN_ENUM_CONVERSION = YES;
				CLANG_WARN_INFINITE_RECURSION = YES;
				CLANG_WARN_INT_CONVERSION = YES;
				CLANG_WARN_OBJC_ROOT_CLASS = YES_ERROR;
				CLANG_WARN_SUSPICIOUS_MOVE = YES;
				CLANG_WARN_UNREACHABLE_CODE = YES;
				CLANG_WARN__DUPLICATE_METHOD_MATCH = YES;
				"CODE_SIGN_IDENTITY[sdk=iphoneos*]" = "iPhone Developer";
				COPY_PHASE_STRIP = NO;
				DEBUG_INFORMATION_FORMAT = "dwarf-with-dsym";
				ENABLE_NS_ASSERTIONS = NO;
				ENABLE_STRICT_OBJC_MSGSEND = YES;
				GCC_C_LANGUAGE_STANDARD = gnu99;
				GCC_NO_COMMON_BLOCKS = YES;
				GCC_WARN_64_TO_32_BIT_CONVERSION = YES;
				GCC_WARN_ABOUT_RETURN_TYPE = YES_ERROR;
				GCC_WARN_UNDECLARED_SELECTOR = YES;
				GCC_WARN_UNINITIALIZED_AUTOS = YES_AGGRESSIVE;
				GCC_WARN_UNUSED_FUNCTION = YES;
				GCC_WARN_UNUSED_VARIABLE = YES;
				IPHONEOS_DEPLOYMENT_TARGET = 10.3;
				MTL_ENABLE_DEBUG_INFO = NO;
				SDKROOT = iphoneos;
				VALIDATE_PRODUCT = YES;
			};
			name = Release;
		};
		F0995A8D1F42D1AD00B29993 /* Debug */ = {
			isa = XCBuildConfiguration;
			buildSettings = {
				ASSETCATALOG_COMPILER_APPICON_NAME = AppIcon;
				INFOPLIST_FILE = "UIView层级关系/Info.plist";
				LD_RUNPATH_SEARCH_PATHS = "$(inherited) @executable_path/Frameworks";
				PRODUCT_BUNDLE_IDENTIFIER = "zhdk.UIView----";
				PRODUCT_NAME = "$(TARGET_NAME)";
			};
			name = Debug;
		};
		F0995A8E1F42D1AD00B29993 /* Release */ = {
			isa = XCBuildConfiguration;
			buildSettings = {
				ASSETCATALOG_COMPILER_APPICON_NAME = AppIcon;
				INFOPLIST_FILE = "UIView层级关系/Info.plist";
				LD_RUNPATH_SEARCH_PATHS = "$(inherited) @executable_path/Frameworks";
				PRODUCT_BUNDLE_IDENTIFIER = "zhdk.UIView----";
				PRODUCT_NAME = "$(TARGET_NAME)";
			};
			name = Release;
		};
		F0995A901F42D1AD00B29993 /* Debug */ = {
			isa = XCBuildConfiguration;
			buildSettings = {
				BUNDLE_LOADER = "$(TEST_HOST)";
				INFOPLIST_FILE = "UIView层级关系Tests/Info.plist";
				LD_RUNPATH_SEARCH_PATHS = "$(inherited) @executable_path/Frameworks @loader_path/Frameworks";
				PRODUCT_BUNDLE_IDENTIFIER = "zhdk.UIView----Tests";
				PRODUCT_NAME = "$(TARGET_NAME)";
				TEST_HOST = "$(BUILT_PRODUCTS_DIR)/UIView层级关系.app/UIView层级关系";
			};
			name = Debug;
		};
		F0995A911F42D1AD00B29993 /* Release */ = {
			isa = XCBuildConfiguration;
			buildSettings = {
				BUNDLE_LOADER = "$(TEST_HOST)";
				INFOPLIST_FILE = "UIView层级关系Tests/Info.plist";
				LD_RUNPATH_SEARCH_PATHS = "$(inherited) @executable_path/Frameworks @loader_path/Frameworks";
				PRODUCT_BUNDLE_IDENTIFIER = "zhdk.UIView----Tests";
				PRODUCT_NAME = "$(TARGET_NAME)";
				TEST_HOST = "$(BUILT_PRODUCTS_DIR)/UIView层级关系.app/UIView层级关系";
			};
			name = Release;
		};
		F0995A931F42D1AD00B29993 /* Debug */ = {
			isa = XCBuildConfiguration;
			buildSettings = {
				INFOPLIST_FILE = "UIView层级关系UITests/Info.plist";
				LD_RUNPATH_SEARCH_PATHS = "$(inherited) @executable_path/Frameworks @loader_path/Frameworks";
				PRODUCT_BUNDLE_IDENTIFIER = "zhdk.UIView----UITests";
				PRODUCT_NAME = "$(TARGET_NAME)";
				TEST_TARGET_NAME = "UIView层级关系";
			};
			name = Debug;
		};
		F0995A941F42D1AD00B29993 /* Release */ = {
			isa = XCBuildConfiguration;
			buildSettings = {
				INFOPLIST_FILE = "UIView层级关系UITests/Info.plist";
				LD_RUNPATH_SEARCH_PATHS = "$(inherited) @executable_path/Frameworks @loader_path/Frameworks";
				PRODUCT_BUNDLE_IDENTIFIER = "zhdk.UIView----UITests";
				PRODUCT_NAME = "$(TARGET_NAME)";
				TEST_TARGET_NAME = "UIView层级关系";
			};
			name = Release;
		};
/* End XCBuildConfiguration section */

/* Begin XCConfigurationList section */
		F0995A5A1F42D1AD00B29993 /* Build configuration list for PBXProject "UIView层级关系" */ = {
			isa = XCConfigurationList;
			buildConfigurations = (
				F0995A8A1F42D1AD00B29993 /* Debug */,
				F0995A8B1F42D1AD00B29993 /* Release */,
			);
			defaultConfigurationIsVisible = 0;
			defaultConfigurationName = Release;
		};
		F0995A8C1F42D1AD00B29993 /* Build configuration list for PBXNativeTarget "UIView层级关系" */ = {
			isa = XCConfigurationList;
			buildConfigurations = (
				F0995A8D1F42D1AD00B29993 /* Debug */,
				F0995A8E1F42D1AD00B29993 /* Release */,
			);
			defaultConfigurationIsVisible = 0;
		};
		F0995A8F1F42D1AD00B29993 /* Build configuration list for PBXNativeTarget "UIView层级关系Tests" */ = {
			isa = XCConfigurationList;
			buildConfigurations = (
				F0995A901F42D1AD00B29993 /* Debug */,
				F0995A911F42D1AD00B29993 /* Release */,
			);
			defaultConfigurationIsVisible = 0;
		};
		F0995A921F42D1AD00B29993 /* Build configuration list for PBXNativeTarget "UIView层级关系UITests" */ = {
			isa = XCConfigurationList;
			buildConfigurations = (
				F0995A931F42D1AD00B29993 /* Debug */,
				F0995A941F42D1AD00B29993 /* Release */,
			);
			defaultConfigurationIsVisible = 0;
		};
/* End XCConfigurationList section */
	};
	rootObject = F0995A571F42D1AD00B29993 /* Project object */;
}
